
Microsoft Visual Studio Solution File, Format Version 12.00
# Visual Studio Version 17
VisualStudioVersion = 17.8.34330.188
MinimumVisualStudioVersion = 10.0.40219.1
Project("{9A19103F-16F7-4668-BE54-9A1E7A4F7556}") = "UniiivMWebAsembly", "UniiivMWebAsembly\UniiivMWebAsembly.csproj", "{5FD9DA4C-98EE-4602-80B2-570B9EA7DAA5}"
EndProject
Global
	GlobalSection(SolutionConfigurationPlatforms) = preSolution
		Debug|Any CPU = Debug|Any CPU
		Release|Any CPU = Release|Any CPU
	EndGlobalSection
	GlobalSection(ProjectConfigurationPlatforms) = postSolution
		{5FD9DA4C-98EE-4602-80B2-570B9EA7DAA5}.Debug|Any CPU.ActiveCfg = Debug|Any CPU
		{5FD9DA4C-98EE-4602-80B2-570B9EA7DAA5}.Debug|Any CPU.Build.0 = Debug|Any CPU
		{5FD9DA4C-98EE-4602-80B2-570B9EA7DAA5}.Release|Any CPU.ActiveCfg = Release|Any CPU
		{5FD9DA4C-98EE-4602-80B2-570B9EA7DAA5}.Release|Any CPU.Build.0 = Release|Any CPU
	EndGlobalSection
	GlobalSection(SolutionProperties) = preSolution
		HideSolutionNode = FALSE
	EndGlobalSection
	GlobalSection(ExtensibilityGlobals) = postSolution
		SolutionGuid = {0FC32BAD-C891-4ED3-915B-60022B7D0641}
	EndGlobalSection
EndGlobal
